
Microsoft Visual Studio Solution File, Format Version 12.00
# Visual Studio 14
VisualStudioVersion = 14.0.25420.1
MinimumVisualStudioVersion = 10.0.40219.1
Project("{FAE04EC0-301F-11D3-BF4B-00C04F79EFBC}") = "binary search", "binary search\binary search.csproj", "{8BCD382B-42EB-4B28-BF5F-DBB2858DE75A}"
EndProject
Global
	GlobalSection(SolutionConfigurationPlatforms) = preSolution
		Debug|Any CPU = Debug|Any CPU
		Release|Any CPU = Release|Any CPU
	EndGlobalSection
	GlobalSection(ProjectConfigurationPlatforms) = postSolution
		{8BCD382B-42EB-4B28-BF5F-DBB2858DE75A}.Debug|Any CPU.ActiveCfg = Debug|Any CPU
		{8BCD382B-42EB-4B28-BF5F-DBB2858DE75A}.Debug|Any CPU.Build.0 = Debug|Any CPU
		{8BCD382B-42EB-4B28-BF5F-DBB2858DE75A}.Release|Any CPU.ActiveCfg = Release|Any CPU
		{8BCD382B-42EB-4B28-BF5F-DBB2858DE75A}.Release|Any CPU.Build.0 = Release|Any CPU
	EndGlobalSection
	GlobalSection(SolutionProperties) = preSolution
		HideSolutionNode = FALSE
	EndGlobalSection
EndGlobal
