
Microsoft Visual Studio Solution File, Format Version 12.00
# Visual Studio 14
VisualStudioVersion = 14.0.25420.1
MinimumVisualStudioVersion = 10.0.40219.1
Project("{FAE04EC0-301F-11D3-BF4B-00C04F79EFBC}") = "DS singly link list", "DS singly link list\DS singly link list.csproj", "{CF3333F7-F495-4525-8944-B2DDC87EA8B2}"
EndProject
Global
	GlobalSection(SolutionConfigurationPlatforms) = preSolution
		Debug|Any CPU = Debug|Any CPU
		Release|Any CPU = Release|Any CPU
	EndGlobalSection
	GlobalSection(ProjectConfigurationPlatforms) = postSolution
		{CF3333F7-F495-4525-8944-B2DDC87EA8B2}.Debug|Any CPU.ActiveCfg = Debug|Any CPU
		{CF3333F7-F495-4525-8944-B2DDC87EA8B2}.Debug|Any CPU.Build.0 = Debug|Any CPU
		{CF3333F7-F495-4525-8944-B2DDC87EA8B2}.Release|Any CPU.ActiveCfg = Release|Any CPU
		{CF3333F7-F495-4525-8944-B2DDC87EA8B2}.Release|Any CPU.Build.0 = Release|Any CPU
	EndGlobalSection
	GlobalSection(SolutionProperties) = preSolution
		HideSolutionNode = FALSE
	EndGlobalSection
EndGlobal
