
Microsoft Visual Studio Solution File, Format Version 12.00
# Visual Studio 14
VisualStudioVersion = 14.0.25420.1
MinimumVisualStudioVersion = 10.0.40219.1
Project("{FAE04EC0-301F-11D3-BF4B-00C04F79EFBC}") = "Z pattern", "Z pattern\Z pattern.csproj", "{BFE24E48-1EC5-4F3F-96FA-8514C0F5CCD1}"
EndProject
Global
	GlobalSection(SolutionConfigurationPlatforms) = preSolution
		Debug|Any CPU = Debug|Any CPU
		Release|Any CPU = Release|Any CPU
	EndGlobalSection
	GlobalSection(ProjectConfigurationPlatforms) = postSolution
		{BFE24E48-1EC5-4F3F-96FA-8514C0F5CCD1}.Debug|Any CPU.ActiveCfg = Debug|Any CPU
		{BFE24E48-1EC5-4F3F-96FA-8514C0F5CCD1}.Debug|Any CPU.Build.0 = Debug|Any CPU
		{BFE24E48-1EC5-4F3F-96FA-8514C0F5CCD1}.Release|Any CPU.ActiveCfg = Release|Any CPU
		{BFE24E48-1EC5-4F3F-96FA-8514C0F5CCD1}.Release|Any CPU.Build.0 = Release|Any CPU
	EndGlobalSection
	GlobalSection(SolutionProperties) = preSolution
		HideSolutionNode = FALSE
	EndGlobalSection
EndGlobal
